// !$*UTF8*$!
{
	archiveVersion = 1;
	classes = {
	};
	objectVersion = 56;
	objects = {

/* Begin PBXBuildFile section */
		3E2DEDC72A9CF369002D0BFD /* Be_My_EarApp.swift in Sources */ = {isa = PBXBuildFile; fileRef = 3E2DEDC62A9CF369002D0BFD /* Be_My_EarApp.swift */; };
		3E2DEDC92A9CF369002D0BFD /* ContentView.swift in Sources */ = {isa = PBXBuildFile; fileRef = 3E2DEDC82A9CF369002D0BFD /* ContentView.swift */; };
		3E2DEDCB2A9CF36A002D0BFD /* Assets.xcassets in Resources */ = {isa = PBXBuildFile; fileRef = 3E2DEDCA2A9CF36A002D0BFD /* Assets.xcassets */; };
		3E2DEDCE2A9CF36A002D0BFD /* Preview Assets.xcassets in Resources */ = {isa = PBXBuildFile; fileRef = 3E2DEDCD2A9CF36A002D0BFD /* Preview Assets.xcassets */; };
/* End PBXBuildFile section */

/* Begin PBXFileReference section */
		3E2DEDC32A9CF369002D0BFD /* Be My Ear.app */ = {isa = PBXFileReference; explicitFileType = wrapper.application; includeInIndex = 0; path = "Be My Ear.app"; sourceTree = BUILT_PRODUCTS_DIR; };
		3E2DEDC62A9CF369002D0BFD /* Be_My_EarApp.swift */ = {isa = PBXFileReference; lastKnownFileType = sourcecode.swift; path = Be_My_EarApp.swift; sourceTree = "<group>"; };
		3E2DEDC82A9CF369002D0BFD /* ContentView.swift */ = {isa = PBXFileReference; lastKnownFileType = sourcecode.swift; path = ContentView.swift; sourceTree = "<group>"; };
		3E2DEDCA2A9CF36A002D0BFD /* Assets.xcassets */ = {isa = PBXFileReference; lastKnownFileType = folder.assetcatalog; path = Assets.xcassets; sourceTree = "<group>"; };
		3E2DEDCD2A9CF36A002D0BFD /* Preview Assets.xcassets */ = {isa = PBXFileReference; lastKnownFileType = folder.assetcatalog; path = "Preview Assets.xcassets"; sourceTree = "<group>"; };
		3E75C7BD2AAC17AC00245E5D /* N.png */ = {isa = PBXFileReference; lastKnownFileType = image.png; path = N.png; sourceTree = "<group>"; };
		3E75C7BE2AAC17AC00245E5D /* T.png */ = {isa = PBXFileReference; lastKnownFileType = image.png; path = T.png; sourceTree = "<group>"; };
		3E75C7BF2AAC17AC00245E5D /* X.png */ = {isa = PBXFileReference; lastKnownFileType = image.png; path = X.png; sourceTree = "<group>"; };
		3E75C7C02AAC17AC00245E5D /* Q.png */ = {isa = PBXFileReference; lastKnownFileType = image.png; path = Q.png; sourceTree = "<group>"; };
		3E75C7C12AAC17AC00245E5D /* V.png */ = {isa = PBXFileReference; lastKnownFileType = image.png; path = V.png; sourceTree = "<group>"; };
		3E75C7C22AAC17AC00245E5D /* Z.png */ = {isa = PBXFileReference; lastKnownFileType = image.png; path = Z.png; sourceTree = "<group>"; };
		3E75C7C32AAC17AC00245E5D /* G.png */ = {isa = PBXFileReference; lastKnownFileType = image.png; path = G.png; sourceTree = "<group>"; };
		3E75C7C42AAC17AC00245E5D /* O.png */ = {isa = PBXFileReference; lastKnownFileType = image.png; path = O.png; sourceTree = "<group>"; };
		3E75C7C52AAC17AC00245E5D /* W.png */ = {isa = PBXFileReference; lastKnownFileType = image.png; path = W.png; sourceTree = "<group>"; };
		3E75C7C62AAC17AC00245E5D /* L.png */ = {isa = PBXFileReference; lastKnownFileType = image.png; path = L.png; sourceTree = "<group>"; };
		3E75C7C72AAC17AC00245E5D /* K.png */ = {isa = PBXFileReference; lastKnownFileType = image.png; path = K.png; sourceTree = "<group>"; };
		3E75C7C82AAC17AC00245E5D /* A.png */ = {isa = PBXFileReference; lastKnownFileType = image.png; path = A.png; sourceTree = "<group>"; };
		3E75C7C92AAC17AC00245E5D /* E.png */ = {isa = PBXFileReference; lastKnownFileType = image.png; path = E.png; sourceTree = "<group>"; };
		3E75C7CA2AAC17AC00245E5D /* B.png */ = {isa = PBXFileReference; lastKnownFileType = image.png; path = B.png; sourceTree = "<group>"; };
		3E75C7CB2AAC17AC00245E5D /* U.png */ = {isa = PBXFileReference; lastKnownFileType = image.png; path = U.png; sourceTree = "<group>"; };
		3E75C7CC2AAC17AD00245E5D /* S.png */ = {isa = PBXFileReference; lastKnownFileType = image.png; path = S.png; sourceTree = "<group>"; };
		3E75C7CD2AAC17AD00245E5D /* R.png */ = {isa = PBXFileReference; lastKnownFileType = image.png; path = R.png; sourceTree = "<group>"; };
		3E75C7CE2AAC17AD00245E5D /* H.png */ = {isa = PBXFileReference; lastKnownFileType = image.png; path = H.png; sourceTree = "<group>"; };
		3E75C7CF2AAC17AD00245E5D /* C.png */ = {isa = PBXFileReference; lastKnownFileType = image.png; path = C.png; sourceTree = "<group>"; };
		3E75C7D02AAC17AD00245E5D /* I.png */ = {isa = PBXFileReference; lastKnownFileType = image.png; path = I.png; sourceTree = "<group>"; };
		3E75C7D12AAC17AD00245E5D /* M.png */ = {isa = PBXFileReference; lastKnownFileType = image.png; path = M.png; sourceTree = "<group>"; };
		3E75C7D22AAC17AD00245E5D /* D.png */ = {isa = PBXFileReference; lastKnownFileType = image.png; path = D.png; sourceTree = "<group>"; };
		3E75C7D32AAC17AD00245E5D /* P.png */ = {isa = PBXFileReference; lastKnownFileType = image.png; path = P.png; sourceTree = "<group>"; };
		3E75C7D42AAC17AD00245E5D /* J.png */ = {isa = PBXFileReference; lastKnownFileType = image.png; path = J.png; sourceTree = "<group>"; };
		3E75C7D52AAC17AD00245E5D /* F.png */ = {isa = PBXFileReference; lastKnownFileType = image.png; path = F.png; sourceTree = "<group>"; };
		3E75C7D62AAC17AD00245E5D /* Y.png */ = {isa = PBXFileReference; lastKnownFileType = image.png; path = Y.png; sourceTree = "<group>"; };
/* End PBXFileReference section */

/* Begin PBXFrameworksBuildPhase section */
		3E2DEDC02A9CF369002D0BFD /* Frameworks */ = {
			isa = PBXFrameworksBuildPhase;
			buildActionMask = 2147483647;
			files = (
			);
			runOnlyForDeploymentPostprocessing = 0;
		};
/* End PBXFrameworksBuildPhase section */

/* Begin PBXGroup section */
		3E15F7B52AAC5B3C0038943F /* images */ = {
			isa = PBXGroup;
			children = (
			);
			path = images;
			sourceTree = "<group>";
		};
		3E2DEDBA2A9CF369002D0BFD = {
			isa = PBXGroup;
			children = (
				3E2DEDC52A9CF369002D0BFD /* Be My Ear */,
				3E2DEDC42A9CF369002D0BFD /* Products */,
			);
			sourceTree = "<group>";
		};
		3E2DEDC42A9CF369002D0BFD /* Products */ = {
			isa = PBXGroup;
			children = (
				3E2DEDC32A9CF369002D0BFD /* Be My Ear.app */,
			);
			name = Products;
			sourceTree = "<group>";
		};
		3E2DEDC52A9CF369002D0BFD /* Be My Ear */ = {
			isa = PBXGroup;
			children = (
				3E75C7882AAC172400245E5D /* LI */,
				3E2DEDC62A9CF369002D0BFD /* Be_My_EarApp.swift */,
				3E2DEDC82A9CF369002D0BFD /* ContentView.swift */,
				3E2DEDCA2A9CF36A002D0BFD /* Assets.xcassets */,
				3E75C7C82AAC17AC00245E5D /* A.png */,
				3E75C7CA2AAC17AC00245E5D /* B.png */,
				3E75C7CF2AAC17AD00245E5D /* C.png */,
				3E75C7D22AAC17AD00245E5D /* D.png */,
				3E75C7C92AAC17AC00245E5D /* E.png */,
				3E75C7D52AAC17AD00245E5D /* F.png */,
				3E75C7C32AAC17AC00245E5D /* G.png */,
				3E75C7CE2AAC17AD00245E5D /* H.png */,
				3E75C7D02AAC17AD00245E5D /* I.png */,
				3E75C7D42AAC17AD00245E5D /* J.png */,
				3E75C7C72AAC17AC00245E5D /* K.png */,
				3E75C7C62AAC17AC00245E5D /* L.png */,
				3E75C7D12AAC17AD00245E5D /* M.png */,
				3E75C7BD2AAC17AC00245E5D /* N.png */,
				3E75C7C42AAC17AC00245E5D /* O.png */,
				3E75C7D32AAC17AD00245E5D /* P.png */,
				3E75C7C02AAC17AC00245E5D /* Q.png */,
				3E75C7CD2AAC17AD00245E5D /* R.png */,
				3E75C7CC2AAC17AD00245E5D /* S.png */,
				3E75C7BE2AAC17AC00245E5D /* T.png */,
				3E75C7CB2AAC17AC00245E5D /* U.png */,
				3E75C7C12AAC17AC00245E5D /* V.png */,
				3E75C7C52AAC17AC00245E5D /* W.png */,
				3E75C7BF2AAC17AC00245E5D /* X.png */,
				3E75C7D62AAC17AD00245E5D /* Y.png */,
				3E75C7C22AAC17AC00245E5D /* Z.png */,
				3E2DEDCC2A9CF36A002D0BFD /* Preview Content */,
			);
			path = "Be My Ear";
			sourceTree = "<group>";
		};
		3E2DEDCC2A9CF36A002D0BFD /* Preview Content */ = {
			isa = PBXGroup;
			children = (
				3E2DEDCD2A9CF36A002D0BFD /* Preview Assets.xcassets */,
			);
			path = "Preview Content";
			sourceTree = "<group>";
		};
		3E75C7882AAC172400245E5D /* LI */ = {
			isa = PBXGroup;
			children = (
				3E15F7B52AAC5B3C0038943F /* images */,
			);
			path = LI;
			sourceTree = "<group>";
		};
/* End PBXGroup section */

/* Begin PBXNativeTarget section */
		3E2DEDC22A9CF369002D0BFD /* Be My Ear */ = {
			isa = PBXNativeTarget;
			buildConfigurationList = 3E2DEDD12A9CF36A002D0BFD /* Build configuration list for PBXNativeTarget "Be My Ear" */;
			buildPhases = (
				3E2DEDBF2A9CF369002D0BFD /* Sources */,
				3E2DEDC02A9CF369002D0BFD /* Frameworks */,
				3E2DEDC12A9CF369002D0BFD /* Resources */,
			);
			buildRules = (
			);
			dependencies = (
			);
			name = "Be My Ear";
			productName = "Be My Ear";
			productReference = 3E2DEDC32A9CF369002D0BFD /* Be My Ear.app */;
			productType = "com.apple.product-type.application";
		};
/* End PBXNativeTarget section */

/* Begin PBXProject section */
		3E2DEDBB2A9CF369002D0BFD /* Project object */ = {
			isa = PBXProject;
			attributes = {
				BuildIndependentTargetsInParallel = 1;
				LastSwiftUpdateCheck = 1430;
				LastUpgradeCheck = 1430;
				TargetAttributes = {
					3E2DEDC22A9CF369002D0BFD = {
						CreatedOnToolsVersion = 14.3.1;
					};
				};
			};
			buildConfigurationList = 3E2DEDBE2A9CF369002D0BFD /* Build configuration list for PBXProject "Be My Ear" */;
			compatibilityVersion = "Xcode 14.0";
			developmentRegion = en;
			hasScannedForEncodings = 0;
			knownRegions = (
				en,
				Base,
			);
			mainGroup = 3E2DEDBA2A9CF369002D0BFD;
			productRefGroup = 3E2DEDC42A9CF369002D0BFD /* Products */;
			projectDirPath = "";
			projectRoot = "";
			targets = (
				3E2DEDC22A9CF369002D0BFD /* Be My Ear */,
			);
		};
/* End PBXProject section */

/* Begin PBXResourcesBuildPhase section */
		3E2DEDC12A9CF369002D0BFD /* Resources */ = {
			isa = PBXResourcesBuildPhase;
			buildActionMask = 2147483647;
			files = (
				3E2DEDCE2A9CF36A002D0BFD /* Preview Assets.xcassets in Resources */,
				3E2DEDCB2A9CF36A002D0BFD /* Assets.xcassets in Resources */,
			);
			runOnlyForDeploymentPostprocessing = 0;
		};
/* End PBXResourcesBuildPhase section */

/* Begin PBXSourcesBuildPhase section */
		3E2DEDBF2A9CF369002D0BFD /* Sources */ = {
			isa = PBXSourcesBuildPhase;
			buildActionMask = 2147483647;
			files = (
				3E2DEDC92A9CF369002D0BFD /* ContentView.swift in Sources */,
				3E2DEDC72A9CF369002D0BFD /* Be_My_EarApp.swift in Sources */,
			);
			runOnlyForDeploymentPostprocessing = 0;
		};
/* End PBXSourcesBuildPhase section */

/* Begin XCBuildConfiguration section */
		3E2DEDCF2A9CF36A002D0BFD /* Debug */ = {
			isa = XCBuildConfiguration;
			buildSettings = {
				ALWAYS_SEARCH_USER_PATHS = NO;
				CLANG_ANALYZER_NONNULL = YES;
				CLANG_ANALYZER_NUMBER_OBJECT_CONVERSION = YES_AGGRESSIVE;
				CLANG_CXX_LANGUAGE_STANDARD = "gnu++20";
				CLANG_ENABLE_MODULES = YES;
				CLANG_ENABLE_OBJC_ARC = YES;
				CLANG_ENABLE_OBJC_WEAK = YES;
				CLANG_WARN_BLOCK_CAPTURE_AUTORELEASING = YES;
				CLANG_WARN_BOOL_CONVERSION = YES;
				CLANG_WARN_COMMA = YES;
				CLANG_WARN_CONSTANT_CONVERSION = YES;
				CLANG_WARN_DEPRECATED_OBJC_IMPLEMENTATIONS = YES;
				CLANG_WARN_DIRECT_OBJC_ISA_USAGE = YES_ERROR;
				CLANG_WARN_DOCUMENTATION_COMMENTS = YES;
				CLANG_WARN_EMPTY_BODY = YES;
				CLANG_WARN_ENUM_CONVERSION = YES;
				CLANG_WARN_INFINITE_RECURSION = YES;
				CLANG_WARN_INT_CONVERSION = YES;
				CLANG_WARN_NON_LITERAL_NULL_CONVERSION = YES;
				CLANG_WARN_OBJC_IMPLICIT_RETAIN_SELF = YES;
				CLANG_WARN_OBJC_LITERAL_CONVERSION = YES;
				CLANG_WARN_OBJC_ROOT_CLASS = YES_ERROR;
				CLANG_WARN_QUOTED_INCLUDE_IN_FRAMEWORK_HEADER = YES;
				CLANG_WARN_RANGE_LOOP_ANALYSIS = YES;
				CLANG_WARN_STRICT_PROTOTYPES = YES;
				CLANG_WARN_SUSPICIOUS_MOVE = YES;
				CLANG_WARN_UNGUARDED_AVAILABILITY = YES_AGGRESSIVE;
				CLANG_WARN_UNREACHABLE_CODE = YES;
				CLANG_WARN__DUPLICATE_METHOD_MATCH = YES;
				COPY_PHASE_STRIP = NO;
				DEBUG_INFORMATION_FORMAT = dwarf;
				ENABLE_STRICT_OBJC_MSGSEND = YES;
				ENABLE_TESTABILITY = YES;
				GCC_C_LANGUAGE_STANDARD = gnu11;
				GCC_DYNAMIC_NO_PIC = NO;
				GCC_NO_COMMON_BLOCKS = YES;
				GCC_OPTIMIZATION_LEVEL = 0;
				GCC_PREPROCESSOR_DEFINITIONS = (
					"DEBUG=1",
					"$(inherited)",
				);
				GCC_WARN_64_TO_32_BIT_CONVERSION = YES;
				GCC_WARN_ABOUT_RETURN_TYPE = YES_ERROR;
				GCC_WARN_UNDECLARED_SELECTOR = YES;
				GCC_WARN_UNINITIALIZED_AUTOS = YES_AGGRESSIVE;
				GCC_WARN_UNUSED_FUNCTION = YES;
				GCC_WARN_UNUSED_VARIABLE = YES;
				IPHONEOS_DEPLOYMENT_TARGET = 16.4;
				MTL_ENABLE_DEBUG_INFO = INCLUDE_SOURCE;
				MTL_FAST_MATH = YES;
				ONLY_ACTIVE_ARCH = YES;
				SDKROOT = iphoneos;
				SWIFT_ACTIVE_COMPILATION_CONDITIONS = DEBUG;
				SWIFT_OPTIMIZATION_LEVEL = "-Onone";
			};
			name = Debug;
		};
		3E2DEDD02A9CF36A002D0BFD /* Release */ = {
			isa = XCBuildConfiguration;
			buildSettings = {
				ALWAYS_SEARCH_USER_PATHS = NO;
				CLANG_ANALYZER_NONNULL = YES;
				CLANG_ANALYZER_NUMBER_OBJECT_CONVERSION = YES_AGGRESSIVE;
				CLANG_CXX_LANGUAGE_STANDARD = "gnu++20";
				CLANG_ENABLE_MODULES = YES;
				CLANG_ENABLE_OBJC_ARC = YES;
				CLANG_ENABLE_OBJC_WEAK = YES;
				CLANG_WARN_BLOCK_CAPTURE_AUTORELEASING = YES;
				CLANG_WARN_BOOL_CONVERSION = YES;
				CLANG_WARN_COMMA = YES;
				CLANG_WARN_CONSTANT_CONVERSION = YES;
				CLANG_WARN_DEPRECATED_OBJC_IMPLEMENTATIONS = YES;
				CLANG_WARN_DIRECT_OBJC_ISA_USAGE = YES_ERROR;
				CLANG_WARN_DOCUMENTATION_COMMENTS = YES;
				CLANG_WARN_EMPTY_BODY = YES;
				CLANG_WARN_ENUM_CONVERSION = YES;
				CLANG_WARN_INFINITE_RECURSION = YES;
				CLANG_WARN_INT_CONVERSION = YES;
				CLANG_WARN_NON_LITERAL_NULL_CONVERSION = YES;
				CLANG_WARN_OBJC_IMPLICIT_RETAIN_SELF = YES;
				CLANG_WARN_OBJC_LITERAL_CONVERSION = YES;
				CLANG_WARN_OBJC_ROOT_CLASS = YES_ERROR;
				CLANG_WARN_QUOTED_INCLUDE_IN_FRAMEWORK_HEADER = YES;
				CLANG_WARN_RANGE_LOOP_ANALYSIS = YES;
				CLANG_WARN_STRICT_PROTOTYPES = YES;
				CLANG_WARN_SUSPICIOUS_MOVE = YES;
				CLANG_WARN_UNGUARDED_AVAILABILITY = YES_AGGRESSIVE;
				CLANG_WARN_UNREACHABLE_CODE = YES;
				CLANG_WARN__DUPLICATE_METHOD_MATCH = YES;
				COPY_PHASE_STRIP = NO;
				DEBUG_INFORMATION_FORMAT = "dwarf-with-dsym";
				ENABLE_NS_ASSERTIONS = NO;
				ENABLE_STRICT_OBJC_MSGSEND = YES;
				GCC_C_LANGUAGE_STANDARD = gnu11;
				GCC_NO_COMMON_BLOCKS = YES;
				GCC_WARN_64_TO_32_BIT_CONVERSION = YES;
				GCC_WARN_ABOUT_RETURN_TYPE = YES_ERROR;
				GCC_WARN_UNDECLARED_SELECTOR = YES;
				GCC_WARN_UNINITIALIZED_AUTOS = YES_AGGRESSIVE;
				GCC_WARN_UNUSED_FUNCTION = YES;
				GCC_WARN_UNUSED_VARIABLE = YES;
				IPHONEOS_DEPLOYMENT_TARGET = 16.4;
				MTL_ENABLE_DEBUG_INFO = NO;
				MTL_FAST_MATH = YES;
				SDKROOT = iphoneos;
				SWIFT_COMPILATION_MODE = wholemodule;
				SWIFT_OPTIMIZATION_LEVEL = "-O";
				VALIDATE_PRODUCT = YES;
			};
			name = Release;
		};
		3E2DEDD22A9CF36A002D0BFD /* Debug */ = {
			isa = XCBuildConfiguration;
			buildSettings = {
				ASSETCATALOG_COMPILER_APPICON_NAME = AppIcon;
				ASSETCATALOG_COMPILER_GLOBAL_ACCENT_COLOR_NAME = AccentColor;
				CODE_SIGN_STYLE = Automatic;
				CURRENT_PROJECT_VERSION = 1;
				DEVELOPMENT_ASSET_PATHS = "\"Be My Ear/Preview Content\"";
				ENABLE_PREVIEWS = YES;
				GENERATE_INFOPLIST_FILE = YES;
				INFOPLIST_KEY_UIApplicationSceneManifest_Generation = YES;
				INFOPLIST_KEY_UIApplicationSupportsIndirectInputEvents = YES;
				INFOPLIST_KEY_UILaunchScreen_Generation = YES;
				INFOPLIST_KEY_UISupportedInterfaceOrientations_iPad = "UIInterfaceOrientationPortrait UIInterfaceOrientationPortraitUpsideDown UIInterfaceOrientationLandscapeLeft UIInterfaceOrientationLandscapeRight";
				INFOPLIST_KEY_UISupportedInterfaceOrientations_iPhone = "UIInterfaceOrientationPortrait UIInterfaceOrientationLandscapeLeft UIInterfaceOrientationLandscapeRight";
				LD_RUNPATH_SEARCH_PATHS = (
					"$(inherited)",
					"@executable_path/Frameworks",
				);
				MARKETING_VERSION = 1.0;
				PRODUCT_BUNDLE_IDENTIFIER = "Me.Be-My-Ear";
				PRODUCT_NAME = "$(TARGET_NAME)";
				SWIFT_EMIT_LOC_STRINGS = YES;
				SWIFT_VERSION = 5.0;
				TARGETED_DEVICE_FAMILY = "1,2";
			};
			name = Debug;
		};
		3E2DEDD32A9CF36A002D0BFD /* Release */ = {
			isa = XCBuildConfiguration;
			buildSettings = {
				ASSETCATALOG_COMPILER_APPICON_NAME = AppIcon;
				ASSETCATALOG_COMPILER_GLOBAL_ACCENT_COLOR_NAME = AccentColor;
				CODE_SIGN_STYLE = Automatic;
				CURRENT_PROJECT_VERSION = 1;
				DEVELOPMENT_ASSET_PATHS = "\"Be My Ear/Preview Content\"";
				ENABLE_PREVIEWS = YES;
				GENERATE_INFOPLIST_FILE = YES;
				INFOPLIST_KEY_UIApplicationSceneManifest_Generation = YES;
				INFOPLIST_KEY_UIApplicationSupportsIndirectInputEvents = YES;
				INFOPLIST_KEY_UILaunchScreen_Generation = YES;
				INFOPLIST_KEY_UISupportedInterfaceOrientations_iPad = "UIInterfaceOrientationPortrait UIInterfaceOrientationPortraitUpsideDown UIInterfaceOrientationLandscapeLeft UIInterfaceOrientationLandscapeRight";
				INFOPLIST_KEY_UISupportedInterfaceOrientations_iPhone = "UIInterfaceOrientationPortrait UIInterfaceOrientationLandscapeLeft UIInterfaceOrientationLandscapeRight";
				LD_RUNPATH_SEARCH_PATHS = (
					"$(inherited)",
					"@executable_path/Frameworks",
				);
				MARKETING_VERSION = 1.0;
				PRODUCT_BUNDLE_IDENTIFIER = "Me.Be-My-Ear";
				PRODUCT_NAME = "$(TARGET_NAME)";
				SWIFT_EMIT_LOC_STRINGS = YES;
				SWIFT_VERSION = 5.0;
				TARGETED_DEVICE_FAMILY = "1,2";
			};
			name = Release;
		};
/* End XCBuildConfiguration section */

/* Begin XCConfigurationList section */
		3E2DEDBE2A9CF369002D0BFD /* Build configuration list for PBXProject "Be My Ear" */ = {
			isa = XCConfigurationList;
			buildConfigurations = (
				3E2DEDCF2A9CF36A002D0BFD /* Debug */,
				3E2DEDD02A9CF36A002D0BFD /* Release */,
			);
			defaultConfigurationIsVisible = 0;
			defaultConfigurationName = Release;
		};
		3E2DEDD12A9CF36A002D0BFD /* Build configuration list for PBXNativeTarget "Be My Ear" */ = {
			isa = XCConfigurationList;
			buildConfigurations = (
				3E2DEDD22A9CF36A002D0BFD /* Debug */,
				3E2DEDD32A9CF36A002D0BFD /* Release */,
			);
			defaultConfigurationIsVisible = 0;
			defaultConfigurationName = Release;
		};
/* End XCConfigurationList section */
	};
	rootObject = 3E2DEDBB2A9CF369002D0BFD /* Project object */;
}
